PODS:
  - RevealingSplashView (0.2.0)
  - SwiftMessages (3.3.4)
  - SwiftyJSON (3.1.4)

DEPENDENCIES:
  - RevealingSplashView
  - SwiftMessages
  - SwiftyJSON

SPEC CHECKSUMS:
  RevealingSplashView: a19962358db66188841c73afd51eb663a29f75cd
  SwiftMessages: 1172842c4d4af818704f90c50ec8dc597e55c9af
  SwiftyJSON: c2842d878f95482ffceec5709abc3d05680c0220

PODFILE CHECKSUM: b5f2c2719eea9129d994681f8c9edaea805cbdfa

COCOAPODS: 1.2.1
