// !$*UTF8*$!
{
	archiveVersion = 1;
	classes = {
	};
	objectVersion = 46;
	objects = {

/* Begin PBXBuildFile section */
		833AAF031EF5E2980043E507 /* WeatherObject.swift in Sources */ = {isa = PBXBuildFile; fileRef = 833AAF021EF5E2980043E507 /* WeatherObject.swift */; };
		833AAF041EF5E2980043E507 /* WeatherObject.swift in Sources */ = {isa = PBXBuildFile; fileRef = 833AAF021EF5E2980043E507 /* WeatherObject.swift */; };
		836221971EF9908B0021EA57 /* ForecastViewController.swift in Sources */ = {isa = PBXBuildFile; fileRef = 836221961EF9908B0021EA57 /* ForecastViewController.swift */; };
		836221991EF99E5F0021EA57 /* ForecastTableCell.swift in Sources */ = {isa = PBXBuildFile; fileRef = 836221981EF99E5F0021EA57 /* ForecastTableCell.swift */; };
		8362219B1EF9CBDA0021EA57 /* SearchViewController.swift in Sources */ = {isa = PBXBuildFile; fileRef = 8362219A1EF9CBDA0021EA57 /* SearchViewController.swift */; };
		8369DC341EF49E6C00B494E6 /* AppDelegate.swift in Sources */ = {isa = PBXBuildFile; fileRef = 8369DC331EF49E6C00B494E6 /* AppDelegate.swift */; };
		8369DC361EF49E6C00B494E6 /* MainViewController.swift in Sources */ = {isa = PBXBuildFile; fileRef = 8369DC351EF49E6C00B494E6 /* MainViewController.swift */; };
		8369DC391EF49E6C00B494E6 /* Main.storyboard in Resources */ = {isa = PBXBuildFile; fileRef = 8369DC371EF49E6C00B494E6 /* Main.storyboard */; };
		8369DC3B1EF49E6C00B494E6 /* Assets.xcassets in Resources */ = {isa = PBXBuildFile; fileRef = 8369DC3A1EF49E6C00B494E6 /* Assets.xcassets */; };
		8369DC3E1EF49E6C00B494E6 /* LaunchScreen.storyboard in Resources */ = {isa = PBXBuildFile; fileRef = 8369DC3C1EF49E6C00B494E6 /* LaunchScreen.storyboard */; };
		8369DC561EF49E9800B494E6 /* LICENSE in Resources */ = {isa = PBXBuildFile; fileRef = 8369DC541EF49E9800B494E6 /* LICENSE */; };
		8369DC5A1EF4A2BF00B494E6 /* WeatherAPIManager.swift in Sources */ = {isa = PBXBuildFile; fileRef = 8369DC591EF4A2BF00B494E6 /* WeatherAPIManager.swift */; };
		8369DC5B1EF4A2BF00B494E6 /* WeatherAPIManager.swift in Sources */ = {isa = PBXBuildFile; fileRef = 8369DC591EF4A2BF00B494E6 /* WeatherAPIManager.swift */; };
		837D00E31EFA2FD300648207 /* NetworkHelper.swift in Sources */ = {isa = PBXBuildFile; fileRef = 837D00E21EFA2FD300648207 /* NetworkHelper.swift */; };
		837D00E51EFA300900648207 /* ShowNetworkMessage.swift in Sources */ = {isa = PBXBuildFile; fileRef = 837D00E41EFA300900648207 /* ShowNetworkMessage.swift */; };
		83D33DB31EF88E2A00B44E0B /* WeatherLoader.swift in Sources */ = {isa = PBXBuildFile; fileRef = 83D33DB21EF88E2A00B44E0B /* WeatherLoader.swift */; };
		83D33DB71EF89D3000B44E0B /* WeatherAPIManagerTests.swift in Sources */ = {isa = PBXBuildFile; fileRef = 83D33DB61EF89D3000B44E0B /* WeatherAPIManagerTests.swift */; };
		83D33DB91EF89D7000B44E0B /* WeatherLoaderTests.swift in Sources */ = {isa = PBXBuildFile; fileRef = 83D33DB81EF89D7000B44E0B /* WeatherLoaderTests.swift */; };
		EB4D9AF32F0DB65BCCABC3A5 /* Pods_AudioWeather.framework in Frameworks */ = {isa = PBXBuildFile; fileRef = D2A849419BE54BE522003292 /* Pods_AudioWeather.framework */; };
		F86664268956028458EDD31C /* Pods_AudioWeatherTests.framework in Frameworks */ = {isa = PBXBuildFile; fileRef = 445CF3D9F462EED27A2DC50F /* Pods_AudioWeatherTests.framework */; };
/* End PBXBuildFile section */

/* Begin PBXContainerItemProxy section */
		8369DC451EF49E6C00B494E6 /* PBXContainerItemProxy */ = {
			isa = PBXContainerItemProxy;
			containerPortal = 8369DC281EF49E6C00B494E6 /* Project object */;
			proxyType = 1;
			remoteGlobalIDString = 8369DC2F1EF49E6C00B494E6;
			remoteInfo = AudioWeather;
		};
/* End PBXContainerItemProxy section */

/* Begin PBXFileReference section */
		445CF3D9F462EED27A2DC50F /* Pods_AudioWeatherTests.framework */ = {isa = PBXFileReference; explicitFileType = wrapper.framework; includeInIndex = 0; path = Pods_AudioWeatherTests.framework; sourceTree = BUILT_PRODUCTS_DIR; };
		6ABD526DC97F0E76A118FCA1 /* Pods-AudioWeather.release.xcconfig */ = {isa = PBXFileReference; includeInIndex = 1; lastKnownFileType = text.xcconfig; name = "Pods-AudioWeather.release.xcconfig"; path = "Pods/Target Support Files/Pods-AudioWeather/Pods-AudioWeather.release.xcconfig"; sourceTree = "<group>"; };
		833AAF021EF5E2980043E507 /* WeatherObject.swift */ = {isa = PBXFileReference; fileEncoding = 4; lastKnownFileType = sourcecode.swift; path = WeatherObject.swift; sourceTree = "<group>"; };
		833AAF051EF5F02B0043E507 /* README.md */ = {isa = PBXFileReference; fileEncoding = 4; lastKnownFileType = net.daringfireball.markdown; path = README.md; sourceTree = "<group>"; };
		836221961EF9908B0021EA57 /* ForecastViewController.swift */ = {isa = PBXFileReference; fileEncoding = 4; lastKnownFileType = sourcecode.swift; path = ForecastViewController.swift; sourceTree = "<group>"; };
		836221981EF99E5F0021EA57 /* ForecastTableCell.swift */ = {isa = PBXFileReference; fileEncoding = 4; lastKnownFileType = sourcecode.swift; path = ForecastTableCell.swift; sourceTree = "<group>"; };
		8362219A1EF9CBDA0021EA57 /* SearchViewController.swift */ = {isa = PBXFileReference; fileEncoding = 4; lastKnownFileType = sourcecode.swift; path = SearchViewController.swift; sourceTree = "<group>"; };
		8369DC301EF49E6C00B494E6 /* AudioWeather.app */ = {isa = PBXFileReference; explicitFileType = wrapper.application; includeInIndex = 0; path = AudioWeather.app; sourceTree = BUILT_PRODUCTS_DIR; };
		8369DC331EF49E6C00B494E6 /* AppDelegate.swift */ = {isa = PBXFileReference; lastKnownFileType = sourcecode.swift; path = AppDelegate.swift; sourceTree = "<group>"; };
		8369DC351EF49E6C00B494E6 /* MainViewController.swift */ = {isa = PBXFileReference; lastKnownFileType = sourcecode.swift; path = MainViewController.swift; sourceTree = "<group>"; };
		8369DC381EF49E6C00B494E6 /* Base */ = {isa = PBXFileReference; lastKnownFileType = file.storyboard; name = Base; path = Base.lproj/Main.storyboard; sourceTree = "<group>"; };
		8369DC3A1EF49E6C00B494E6 /* Assets.xcassets */ = {isa = PBXFileReference; lastKnownFileType = folder.assetcatalog; path = Assets.xcassets; sourceTree = "<group>"; };
		8369DC3D1EF49E6C00B494E6 /* Base */ = {isa = PBXFileReference; lastKnownFileType = file.storyboard; name = Base; path = Base.lproj/LaunchScreen.storyboard; sourceTree = "<group>"; };
		8369DC3F1EF49E6C00B494E6 /* Info.plist */ = {isa = PBXFileReference; lastKnownFileType = text.plist.xml; path = Info.plist; sourceTree = "<group>"; };
		8369DC441EF49E6C00B494E6 /* AudioWeatherTests.xctest */ = {isa = PBXFileReference; explicitFileType = wrapper.cfbundle; includeInIndex = 0; path = AudioWeatherTests.xctest; sourceTree = BUILT_PRODUCTS_DIR; };
		8369DC4A1EF49E6C00B494E6 /* Info.plist */ = {isa = PBXFileReference; lastKnownFileType = text.plist.xml; path = Info.plist; sourceTree = "<group>"; };
		8369DC541EF49E9800B494E6 /* LICENSE */ = {isa = PBXFileReference; fileEncoding = 4; lastKnownFileType = text; path = LICENSE; sourceTree = "<group>"; };
		8369DC591EF4A2BF00B494E6 /* WeatherAPIManager.swift */ = {isa = PBXFileReference; fileEncoding = 4; lastKnownFileType = sourcecode.swift; path = WeatherAPIManager.swift; sourceTree = "<group>"; };
		837D00E21EFA2FD300648207 /* NetworkHelper.swift */ = {isa = PBXFileReference; fileEncoding = 4; lastKnownFileType = sourcecode.swift; path = NetworkHelper.swift; sourceTree = "<group>"; };
		837D00E41EFA300900648207 /* ShowNetworkMessage.swift */ = {isa = PBXFileReference; fileEncoding = 4; lastKnownFileType = sourcecode.swift; path = ShowNetworkMessage.swift; sourceTree = "<group>"; };
		83D33DB21EF88E2A00B44E0B /* WeatherLoader.swift */ = {isa = PBXFileReference; fileEncoding = 4; lastKnownFileType = sourcecode.swift; path = WeatherLoader.swift; sourceTree = "<group>"; };
		83D33DB61EF89D3000B44E0B /* WeatherAPIManagerTests.swift */ = {isa = PBXFileReference; fileEncoding = 4; lastKnownFileType = sourcecode.swift; path = WeatherAPIManagerTests.swift; sourceTree = "<group>"; };
		83D33DB81EF89D7000B44E0B /* WeatherLoaderTests.swift */ = {isa = PBXFileReference; fileEncoding = 4; lastKnownFileType = sourcecode.swift; path = WeatherLoaderTests.swift; sourceTree = "<group>"; };
		C7B8136B6535641268DD18D6 /* Pods-AudioWeatherTests.release.xcconfig */ = {isa = PBXFileReference; includeInIndex = 1; lastKnownFileType = text.xcconfig; name = "Pods-AudioWeatherTests.release.xcconfig"; path = "Pods/Target Support Files/Pods-AudioWeatherTests/Pods-AudioWeatherTests.release.xcconfig"; sourceTree = "<group>"; };
		C8024EA220565BAF4FBBF242 /* Pods-AudioWeather.debug.xcconfig */ = {isa = PBXFileReference; includeInIndex = 1; lastKnownFileType = text.xcconfig; name = "Pods-AudioWeather.debug.xcconfig"; path = "Pods/Target Support Files/Pods-AudioWeather/Pods-AudioWeather.debug.xcconfig"; sourceTree = "<group>"; };
		D2A849419BE54BE522003292 /* Pods_AudioWeather.framework */ = {isa = PBXFileReference; explicitFileType = wrapper.framework; includeInIndex = 0; path = Pods_AudioWeather.framework; sourceTree = BUILT_PRODUCTS_DIR; };
		E43360A1A9AC236BD55A3717 /* Pods-AudioWeatherTests.debug.xcconfig */ = {isa = PBXFileReference; includeInIndex = 1; lastKnownFileType = text.xcconfig; name = "Pods-AudioWeatherTests.debug.xcconfig"; path = "Pods/Target Support Files/Pods-AudioWeatherTests/Pods-AudioWeatherTests.debug.xcconfig"; sourceTree = "<group>"; };
/* End PBXFileReference section */

/* Begin PBXFrameworksBuildPhase section */
		8369DC2D1EF49E6C00B494E6 /* Frameworks */ = {
			isa = PBXFrameworksBuildPhase;
			buildActionMask = 2147483647;
			files = (
				EB4D9AF32F0DB65BCCABC3A5 /* Pods_AudioWeather.framework in Frameworks */,
			);
			runOnlyForDeploymentPostprocessing = 0;
		};
		8369DC411EF49E6C00B494E6 /* Frameworks */ = {
			isa = PBXFrameworksBuildPhase;
			buildActionMask = 2147483647;
			files = (
				F86664268956028458EDD31C /* Pods_AudioWeatherTests.framework in Frameworks */,
			);
			runOnlyForDeploymentPostprocessing = 0;
		};
/* End PBXFrameworksBuildPhase section */

/* Begin PBXGroup section */
		38F8D62F7A717B0E343157A1 /* Pods */ = {
			isa = PBXGroup;
			children = (
				C8024EA220565BAF4FBBF242 /* Pods-AudioWeather.debug.xcconfig */,
				6ABD526DC97F0E76A118FCA1 /* Pods-AudioWeather.release.xcconfig */,
				E43360A1A9AC236BD55A3717 /* Pods-AudioWeatherTests.debug.xcconfig */,
				C7B8136B6535641268DD18D6 /* Pods-AudioWeatherTests.release.xcconfig */,
			);
			name = Pods;
			sourceTree = "<group>";
		};
		833AAF011EF5E2820043E507 /* Model */ = {
			isa = PBXGroup;
			children = (
				833AAF021EF5E2980043E507 /* WeatherObject.swift */,
			);
			name = Model;
			sourceTree = "<group>";
		};
		8369DC271EF49E6C00B494E6 = {
			isa = PBXGroup;
			children = (
				8369DC321EF49E6C00B494E6 /* AudioWeather */,
				8369DC471EF49E6C00B494E6 /* AudioWeatherTests */,
				8369DC311EF49E6C00B494E6 /* Products */,
				38F8D62F7A717B0E343157A1 /* Pods */,
				89555BCC36F3CC63ED44B779 /* Frameworks */,
			);
			sourceTree = "<group>";
		};
		8369DC311EF49E6C00B494E6 /* Products */ = {
			isa = PBXGroup;
			children = (
				8369DC301EF49E6C00B494E6 /* AudioWeather.app */,
				8369DC441EF49E6C00B494E6 /* AudioWeatherTests.xctest */,
			);
			name = Products;
			sourceTree = "<group>";
		};
		8369DC321EF49E6C00B494E6 /* AudioWeather */ = {
			isa = PBXGroup;
			children = (
				83D33DB11EF88DE300B44E0B /* Controller */,
				833AAF011EF5E2820043E507 /* Model */,
				8369DC581EF4A29700B494E6 /* Network */,
				8369DC531EF49E8300B494E6 /* Documents */,
				8369DC331EF49E6C00B494E6 /* AppDelegate.swift */,
				8369DC371EF49E6C00B494E6 /* Main.storyboard */,
				8369DC3A1EF49E6C00B494E6 /* Assets.xcassets */,
				8369DC3C1EF49E6C00B494E6 /* LaunchScreen.storyboard */,
				8369DC3F1EF49E6C00B494E6 /* Info.plist */,
			);
			path = AudioWeather;
			sourceTree = "<group>";
		};
		8369DC471EF49E6C00B494E6 /* AudioWeatherTests */ = {
			isa = PBXGroup;
			children = (
				83D33DB61EF89D3000B44E0B /* WeatherAPIManagerTests.swift */,
				83D33DB81EF89D7000B44E0B /* WeatherLoaderTests.swift */,
				8369DC4A1EF49E6C00B494E6 /* Info.plist */,
			);
			path = AudioWeatherTests;
			sourceTree = "<group>";
		};
		8369DC531EF49E8300B494E6 /* Documents */ = {
			isa = PBXGroup;
			children = (
				833AAF051EF5F02B0043E507 /* README.md */,
				8369DC541EF49E9800B494E6 /* LICENSE */,
			);
			name = Documents;
			sourceTree = "<group>";
		};
		8369DC581EF4A29700B494E6 /* Network */ = {
			isa = PBXGroup;
			children = (
				8369DC591EF4A2BF00B494E6 /* WeatherAPIManager.swift */,
				83D33DB21EF88E2A00B44E0B /* WeatherLoader.swift */,
				837D00E21EFA2FD300648207 /* NetworkHelper.swift */,
			);
			name = Network;
			sourceTree = "<group>";
		};
		83D33DB11EF88DE300B44E0B /* Controller */ = {
			isa = PBXGroup;
			children = (
				8369DC351EF49E6C00B494E6 /* MainViewController.swift */,
				836221961EF9908B0021EA57 /* ForecastViewController.swift */,
				836221981EF99E5F0021EA57 /* ForecastTableCell.swift */,
				8362219A1EF9CBDA0021EA57 /* SearchViewController.swift */,
				837D00E41EFA300900648207 /* ShowNetworkMessage.swift */,
			);
			name = Controller;
			sourceTree = "<group>";
		};
		89555BCC36F3CC63ED44B779 /* Frameworks */ = {
			isa = PBXGroup;
			children = (
				D2A849419BE54BE522003292 /* Pods_AudioWeather.framework */,
				445CF3D9F462EED27A2DC50F /* Pods_AudioWeatherTests.framework */,
			);
			name = Frameworks;
			sourceTree = "<group>";
		};
/* End PBXGroup section */

/* Begin PBXNativeTarget section */
		8369DC2F1EF49E6C00B494E6 /* AudioWeather */ = {
			isa = PBXNativeTarget;
			buildConfigurationList = 8369DC4D1EF49E6C00B494E6 /* Build configuration list for PBXNativeTarget "AudioWeather" */;
			buildPhases = (
				FF8CB5D165188A2EC8DC9017 /* [CP] Check Pods Manifest.lock */,
				8369DC2C1EF49E6C00B494E6 /* Sources */,
				8369DC2D1EF49E6C00B494E6 /* Frameworks */,
				8369DC2E1EF49E6C00B494E6 /* Resources */,
				141156472F56ACFF3EC4A7B7 /* [CP] Embed Pods Frameworks */,
				5587F7728457479D5F5B557E /* [CP] Copy Pods Resources */,
			);
			buildRules = (
			);
			dependencies = (
			);
			name = AudioWeather;
			productName = AudioWeather;
			productReference = 8369DC301EF49E6C00B494E6 /* AudioWeather.app */;
			productType = "com.apple.product-type.application";
		};
		8369DC431EF49E6C00B494E6 /* AudioWeatherTests */ = {
			isa = PBXNativeTarget;
			buildConfigurationList = 8369DC501EF49E6C00B494E6 /* Build configuration list for PBXNativeTarget "AudioWeatherTests" */;
			buildPhases = (
				3539AAAD2AE276A84C8A057D /* [CP] Check Pods Manifest.lock */,
				8369DC401EF49E6C00B494E6 /* Sources */,
				8369DC411EF49E6C00B494E6 /* Frameworks */,
				8369DC421EF49E6C00B494E6 /* Resources */,
				ABA303B61843E3D3F173F2C4 /* [CP] Embed Pods Frameworks */,
				653DE7C7E74EAAF27253AD3C /* [CP] Copy Pods Resources */,
			);
			buildRules = (
			);
			dependencies = (
				8369DC461EF49E6C00B494E6 /* PBXTargetDependency */,
			);
			name = AudioWeatherTests;
			productName = AudioWeatherTests;
			productReference = 8369DC441EF49E6C00B494E6 /* AudioWeatherTests.xctest */;
			productType = "com.apple.product-type.bundle.unit-test";
		};
/* End PBXNativeTarget section */

/* Begin PBXProject section */
		8369DC281EF49E6C00B494E6 /* Project object */ = {
			isa = PBXProject;
			attributes = {
				LastSwiftUpdateCheck = 0830;
				LastUpgradeCheck = 0830;
				ORGANIZATIONNAME = "Christopher Combes";
				TargetAttributes = {
					8369DC2F1EF49E6C00B494E6 = {
						CreatedOnToolsVersion = 8.3.2;
						ProvisioningStyle = Automatic;
						SystemCapabilities = {
							com.apple.BackgroundModes = {
								enabled = 1;
							};
						};
					};
					8369DC431EF49E6C00B494E6 = {
						CreatedOnToolsVersion = 8.3.2;
						ProvisioningStyle = Automatic;
						TestTargetID = 8369DC2F1EF49E6C00B494E6;
					};
				};
			};
			buildConfigurationList = 8369DC2B1EF49E6C00B494E6 /* Build configuration list for PBXProject "AudioWeather" */;
			compatibilityVersion = "Xcode 3.2";
			developmentRegion = English;
			hasScannedForEncodings = 0;
			knownRegions = (
				en,
				Base,
			);
			mainGroup = 8369DC271EF49E6C00B494E6;
			productRefGroup = 8369DC311EF49E6C00B494E6 /* Products */;
			projectDirPath = "";
			projectRoot = "";
			targets = (
				8369DC2F1EF49E6C00B494E6 /* AudioWeather */,
				8369DC431EF49E6C00B494E6 /* AudioWeatherTests */,
			);
		};
/* End PBXProject section */

/* Begin PBXResourcesBuildPhase section */
		8369DC2E1EF49E6C00B494E6 /* Resources */ = {
			isa = PBXResourcesBuildPhase;
			buildActionMask = 2147483647;
			files = (
				8369DC3E1EF49E6C00B494E6 /* LaunchScreen.storyboard in Resources */,
				8369DC3B1EF49E6C00B494E6 /* Assets.xcassets in Resources */,
				8369DC561EF49E9800B494E6 /* LICENSE in Resources */,
				8369DC391EF49E6C00B494E6 /* Main.storyboard in Resources */,
			);
			runOnlyForDeploymentPostprocessing = 0;
		};
		8369DC421EF49E6C00B494E6 /* Resources */ = {
			isa = PBXResourcesBuildPhase;
			buildActionMask = 2147483647;
			files = (
			);
			runOnlyForDeploymentPostprocessing = 0;
		};
/* End PBXResourcesBuildPhase section */

/* Begin PBXShellScriptBuildPhase section */
		141156472F56ACFF3EC4A7B7 /* [CP] Embed Pods Frameworks */ = {
			isa = PBXShellScriptBuildPhase;
			buildActionMask = 2147483647;
			files = (
			);
			inputPaths = (
			);
			name = "[CP] Embed Pods Frameworks";
			outputPaths = (
			);
			runOnlyForDeploymentPostprocessing = 0;
			shellPath = /bin/sh;
			shellScript = "\"${SRCROOT}/Pods/Target Support Files/Pods-AudioWeather/Pods-AudioWeather-frameworks.sh\"\n";
			showEnvVarsInLog = 0;
		};
		3539AAAD2AE276A84C8A057D /* [CP] Check Pods Manifest.lock */ = {
			isa = PBXShellScriptBuildPhase;
			buildActionMask = 2147483647;
			files = (
			);
			inputPaths = (
			);
			name = "[CP] Check Pods Manifest.lock";
			outputPaths = (
			);
			runOnlyForDeploymentPostprocessing = 0;
			shellPath = /bin/sh;
			shellScript = "diff \"${PODS_PODFILE_DIR_PATH}/Podfile.lock\" \"${PODS_ROOT}/Manifest.lock\" > /dev/null\nif [ $? != 0 ] ; then\n    # print error to STDERR\n    echo \"error: The sandbox is not in sync with the Podfile.lock. Run 'pod install' or update your CocoaPods installation.\" >&2\n    exit 1\nfi\n";
			showEnvVarsInLog = 0;
		};
		5587F7728457479D5F5B557E /* [CP] Copy Pods Resources */ = {
			isa = PBXShellScriptBuildPhase;
			buildActionMask = 2147483647;
			files = (
			);
			inputPaths = (
			);
			name = "[CP] Copy Pods Resources";
			outputPaths = (
			);
			runOnlyForDeploymentPostprocessing = 0;
			shellPath = /bin/sh;
			shellScript = "\"${SRCROOT}/Pods/Target Support Files/Pods-AudioWeather/Pods-AudioWeather-resources.sh\"\n";
			showEnvVarsInLog = 0;
		};
		653DE7C7E74EAAF27253AD3C /* [CP] Copy Pods Resources */ = {
			isa = PBXShellScriptBuildPhase;
			buildActionMask = 2147483647;
			files = (
			);
			inputPaths = (
			);
			name = "[CP] Copy Pods Resources";
			outputPaths = (
			);
			runOnlyForDeploymentPostprocessing = 0;
			shellPath = /bin/sh;
			shellScript = "\"${SRCROOT}/Pods/Target Support Files/Pods-AudioWeatherTests/Pods-AudioWeatherTests-resources.sh\"\n";
			showEnvVarsInLog = 0;
		};
		ABA303B61843E3D3F173F2C4 /* [CP] Embed Pods Frameworks */ = {
			isa = PBXShellScriptBuildPhase;
			buildActionMask = 2147483647;
			files = (
			);
			inputPaths = (
			);
			name = "[CP] Embed Pods Frameworks";
			outputPaths = (
			);
			runOnlyForDeploymentPostprocessing = 0;
			shellPath = /bin/sh;
			shellScript = "\"${SRCROOT}/Pods/Target Support Files/Pods-AudioWeatherTests/Pods-AudioWeatherTests-frameworks.sh\"\n";
			showEnvVarsInLog = 0;
		};
		FF8CB5D165188A2EC8DC9017 /* [CP] Check Pods Manifest.lock */ = {
			isa = PBXShellScriptBuildPhase;
			buildActionMask = 2147483647;
			files = (
			);
			inputPaths = (
			);
			name = "[CP] Check Pods Manifest.lock";
			outputPaths = (
			);
			runOnlyForDeploymentPostprocessing = 0;
			shellPath = /bin/sh;
			shellScript = "diff \"${PODS_PODFILE_DIR_PATH}/Podfile.lock\" \"${PODS_ROOT}/Manifest.lock\" > /dev/null\nif [ $? != 0 ] ; then\n    # print error to STDERR\n    echo \"error: The sandbox is not in sync with the Podfile.lock. Run 'pod install' or update your CocoaPods installation.\" >&2\n    exit 1\nfi\n";
			showEnvVarsInLog = 0;
		};
/* End PBXShellScriptBuildPhase section */

/* Begin PBXSourcesBuildPhase section */
		8369DC2C1EF49E6C00B494E6 /* Sources */ = {
			isa = PBXSourcesBuildPhase;
			buildActionMask = 2147483647;
			files = (
				8369DC361EF49E6C00B494E6 /* MainViewController.swift in Sources */,
				837D00E51EFA300900648207 /* ShowNetworkMessage.swift in Sources */,
				837D00E31EFA2FD300648207 /* NetworkHelper.swift in Sources */,
				833AAF031EF5E2980043E507 /* WeatherObject.swift in Sources */,
				8362219B1EF9CBDA0021EA57 /* SearchViewController.swift in Sources */,
				836221991EF99E5F0021EA57 /* ForecastTableCell.swift in Sources */,
				83D33DB31EF88E2A00B44E0B /* WeatherLoader.swift in Sources */,
				8369DC5A1EF4A2BF00B494E6 /* WeatherAPIManager.swift in Sources */,
				8369DC341EF49E6C00B494E6 /* AppDelegate.swift in Sources */,
				836221971EF9908B0021EA57 /* ForecastViewController.swift in Sources */,
			);
			runOnlyForDeploymentPostprocessing = 0;
		};
		8369DC401EF49E6C00B494E6 /* Sources */ = {
			isa = PBXSourcesBuildPhase;
			buildActionMask = 2147483647;
			files = (
				8369DC5B1EF4A2BF00B494E6 /* WeatherAPIManager.swift in Sources */,
				83D33DB91EF89D7000B44E0B /* WeatherLoaderTests.swift in Sources */,
				833AAF041EF5E2980043E507 /* WeatherObject.swift in Sources */,
				83D33DB71EF89D3000B44E0B /* WeatherAPIManagerTests.swift in Sources */,
			);
			runOnlyForDeploymentPostprocessing = 0;
		};
/* End PBXSourcesBuildPhase section */

/* Begin PBXTargetDependency section */
		8369DC461EF49E6C00B494E6 /* PBXTargetDependency */ = {
			isa = PBXTargetDependency;
			target = 8369DC2F1EF49E6C00B494E6 /* AudioWeather */;
			targetProxy = 8369DC451EF49E6C00B494E6 /* PBXContainerItemProxy */;
		};
/* End PBXTargetDependency section */

/* Begin PBXVariantGroup section */
		8369DC371EF49E6C00B494E6 /* Main.storyboard */ = {
			isa = PBXVariantGroup;
			children = (
				8369DC381EF49E6C00B494E6 /* Base */,
			);
			name = Main.storyboard;
			sourceTree = "<group>";
		};
		8369DC3C1EF49E6C00B494E6 /* LaunchScreen.storyboard */ = {
			isa = PBXVariantGroup;
			children = (
				8369DC3D1EF49E6C00B494E6 /* Base */,
			);
			name = LaunchScreen.storyboard;
			sourceTree = "<group>";
		};
/* End PBXVariantGroup section */

/* Begin XCBuildConfiguration section */
		8369DC4B1EF49E6C00B494E6 /* Debug */ = {
			isa = XCBuildConfiguration;
			buildSettings = {
				ALWAYS_SEARCH_USER_PATHS = NO;
				CLANG_ANALYZER_NONNULL = YES;
				CLANG_ANALYZER_NUMBER_OBJECT_CONVERSION = YES_AGGRESSIVE;
				CLANG_CXX_LANGUAGE_STANDARD = "gnu++0x";
				CLANG_CXX_LIBRARY = "libc++";
				CLANG_ENABLE_MODULES = YES;
				CLANG_ENABLE_OBJC_ARC = YES;
				CLANG_WARN_BOOL_CONVERSION = YES;
				CLANG_WARN_CONSTANT_CONVERSION = YES;
				CLANG_WARN_DIRECT_OBJC_ISA_USAGE = YES_ERROR;
				CLANG_WARN_DOCUMENTATION_COMMENTS = YES;
				CLANG_WARN_EMPTY_BODY = YES;
				CLANG_WARN_ENUM_CONVERSION = YES;
				CLANG_WARN_INFINITE_RECURSION = YES;
				CLANG_WARN_INT_CONVERSION = YES;
				CLANG_WARN_OBJC_ROOT_CLASS = YES_ERROR;
				CLANG_WARN_SUSPICIOUS_MOVE = YES;
				CLANG_WARN_UNREACHABLE_CODE = YES;
				CLANG_WARN__DUPLICATE_METHOD_MATCH = YES;
				"CODE_SIGN_IDENTITY[sdk=iphoneos*]" = "iPhone Developer";
				COPY_PHASE_STRIP = NO;
				DEBUG_INFORMATION_FORMAT = dwarf;
				ENABLE_STRICT_OBJC_MSGSEND = YES;
				ENABLE_TESTABILITY = YES;
				GCC_C_LANGUAGE_STANDARD = gnu99;
				GCC_DYNAMIC_NO_PIC = NO;
				GCC_NO_COMMON_BLOCKS = YES;
				GCC_OPTIMIZATION_LEVEL = 0;
				GCC_PREPROCESSOR_DEFINITIONS = (
					"DEBUG=1",
					"$(inherited)",
				);
				GCC_WARN_64_TO_32_BIT_CONVERSION = YES;
				GCC_WARN_ABOUT_RETURN_TYPE = YES_ERROR;
				GCC_WARN_UNDECLARED_SELECTOR = YES;
				GCC_WARN_UNINITIALIZED_AUTOS = YES_AGGRESSIVE;
				GCC_WARN_UNUSED_FUNCTION = YES;
				GCC_WARN_UNUSED_VARIABLE = YES;
				IPHONEOS_DEPLOYMENT_TARGET = 10.3;
				MTL_ENABLE_DEBUG_INFO = YES;
				ONLY_ACTIVE_ARCH = YES;
				SDKROOT = iphoneos;
				SWIFT_ACTIVE_COMPILATION_CONDITIONS = DEBUG;
				SWIFT_OPTIMIZATION_LEVEL = "-Onone";
			};
			name = Debug;
		};
		8369DC4C1EF49E6C00B494E6 /* Release */ = {
			isa = XCBuildConfiguration;
			buildSettings = {
				ALWAYS_SEARCH_USER_PATHS = NO;
				CLANG_ANALYZER_NONNULL = YES;
				CLANG_ANALYZER_NUMBER_OBJECT_CONVERSION = YES_AGGRESSIVE;
				CLANG_CXX_LANGUAGE_STANDARD = "gnu++0x";
				CLANG_CXX_LIBRARY = "libc++";
				CLANG_ENABLE_MODULES = YES;
				CLANG_ENABLE_OBJC_ARC = YES;
				CLANG_WARN_BOOL_CONVERSION = YES;
				CLANG_WARN_CONSTANT_CONVERSION = YES;
				CLANG_WARN_DIRECT_OBJC_ISA_USAGE = YES_ERROR;
				CLANG_WARN_DOCUMENTATION_COMMENTS = YES;
				CLANG_WARN_EMPTY_BODY = YES;
				CLANG_WARN_ENUM_CONVERSION = YES;
				CLANG_WARN_INFINITE_RECURSION = YES;
				CLANG_WARN_INT_CONVERSION = YES;
				CLANG_WARN_OBJC_ROOT_CLASS = YES_ERROR;
				CLANG_WARN_SUSPICIOUS_MOVE = YES;
				CLANG_WARN_UNREACHABLE_CODE = YES;
				CLANG_WARN__DUPLICATE_METHOD_MATCH = YES;
				"CODE_SIGN_IDENTITY[sdk=iphoneos*]" = "iPhone Developer";
				COPY_PHASE_STRIP = NO;
				DEBUG_INFORMATION_FORMAT = "dwarf-with-dsym";
				ENABLE_NS_ASSERTIONS = NO;
				ENABLE_STRICT_OBJC_MSGSEND = YES;
				GCC_C_LANGUAGE_STANDARD = gnu99;
				GCC_NO_COMMON_BLOCKS = YES;
				GCC_WARN_64_TO_32_BIT_CONVERSION = YES;
				GCC_WARN_ABOUT_RETURN_TYPE = YES_ERROR;
				GCC_WARN_UNDECLARED_SELECTOR = YES;
				GCC_WARN_UNINITIALIZED_AUTOS = YES_AGGRESSIVE;
				GCC_WARN_UNUSED_FUNCTION = YES;
				GCC_WARN_UNUSED_VARIABLE = YES;
				IPHONEOS_DEPLOYMENT_TARGET = 10.3;
				MTL_ENABLE_DEBUG_INFO = NO;
				SDKROOT = iphoneos;
				SWIFT_OPTIMIZATION_LEVEL = "-Owholemodule";
				VALIDATE_PRODUCT = YES;
			};
			name = Release;
		};
		8369DC4E1EF49E6C00B494E6 /* Debug */ = {
			isa = XCBuildConfiguration;
			baseConfigurationReference = C8024EA220565BAF4FBBF242 /* Pods-AudioWeather.debug.xcconfig */;
			buildSettings = {
				ASSETCATALOG_COMPILER_APPICON_NAME = AppIcon;
				INFOPLIST_FILE = AudioWeather/Info.plist;
				LD_RUNPATH_SEARCH_PATHS = "$(inherited) @executable_path/Frameworks";
				PRODUCT_BUNDLE_IDENTIFIER = com.christophercombes.AudioWeather;
				PRODUCT_NAME = "$(TARGET_NAME)";
				SWIFT_VERSION = 3.0;
			};
			name = Debug;
		};
		8369DC4F1EF49E6C00B494E6 /* Release */ = {
			isa = XCBuildConfiguration;
			baseConfigurationReference = 6ABD526DC97F0E76A118FCA1 /* Pods-AudioWeather.release.xcconfig */;
			buildSettings = {
				ASSETCATALOG_COMPILER_APPICON_NAME = AppIcon;
				INFOPLIST_FILE = AudioWeather/Info.plist;
				LD_RUNPATH_SEARCH_PATHS = "$(inherited) @executable_path/Frameworks";
				PRODUCT_BUNDLE_IDENTIFIER = com.christophercombes.AudioWeather;
				PRODUCT_NAME = "$(TARGET_NAME)";
				SWIFT_VERSION = 3.0;
			};
			name = Release;
		};
		8369DC511EF49E6C00B494E6 /* Debug */ = {
			isa = XCBuildConfiguration;
			baseConfigurationReference = E43360A1A9AC236BD55A3717 /* Pods-AudioWeatherTests.debug.xcconfig */;
			buildSettings = {
				ALWAYS_EMBED_SWIFT_STANDARD_LIBRARIES = "$(inherited)";
				BUNDLE_LOADER = "$(TEST_HOST)";
				INFOPLIST_FILE = AudioWeatherTests/Info.plist;
				LD_RUNPATH_SEARCH_PATHS = "$(inherited) @executable_path/Frameworks @loader_path/Frameworks";
				PRODUCT_BUNDLE_IDENTIFIER = com.christophercombes.AudioWeatherTests;
				PRODUCT_NAME = "$(TARGET_NAME)";
				SWIFT_VERSION = 3.0;
				TEST_HOST = "$(BUILT_PRODUCTS_DIR)/AudioWeather.app/AudioWeather";
			};
			name = Debug;
		};
		8369DC521EF49E6C00B494E6 /* Release */ = {
			isa = XCBuildConfiguration;
			baseConfigurationReference = C7B8136B6535641268DD18D6 /* Pods-AudioWeatherTests.release.xcconfig */;
			buildSettings = {
				ALWAYS_EMBED_SWIFT_STANDARD_LIBRARIES = "$(inherited)";
				BUNDLE_LOADER = "$(TEST_HOST)";
				INFOPLIST_FILE = AudioWeatherTests/Info.plist;
				LD_RUNPATH_SEARCH_PATHS = "$(inherited) @executable_path/Frameworks @loader_path/Frameworks";
				PRODUCT_BUNDLE_IDENTIFIER = com.christophercombes.AudioWeatherTests;
				PRODUCT_NAME = "$(TARGET_NAME)";
				SWIFT_VERSION = 3.0;
				TEST_HOST = "$(BUILT_PRODUCTS_DIR)/AudioWeather.app/AudioWeather";
			};
			name = Release;
		};
/* End XCBuildConfiguration section */

/* Begin XCConfigurationList section */
		8369DC2B1EF49E6C00B494E6 /* Build configuration list for PBXProject "AudioWeather" */ = {
			isa = XCConfigurationList;
			buildConfigurations = (
				8369DC4B1EF49E6C00B494E6 /* Debug */,
				8369DC4C1EF49E6C00B494E6 /* Release */,
			);
			defaultConfigurationIsVisible = 0;
			defaultConfigurationName = Release;
		};
		8369DC4D1EF49E6C00B494E6 /* Build configuration list for PBXNativeTarget "AudioWeather" */ = {
			isa = XCConfigurationList;
			buildConfigurations = (
				8369DC4E1EF49E6C00B494E6 /* Debug */,
				8369DC4F1EF49E6C00B494E6 /* Release */,
			);
			defaultConfigurationIsVisible = 0;
			defaultConfigurationName = Release;
		};
		8369DC501EF49E6C00B494E6 /* Build configuration list for PBXNativeTarget "AudioWeatherTests" */ = {
			isa = XCConfigurationList;
			buildConfigurations = (
				8369DC511EF49E6C00B494E6 /* Debug */,
				8369DC521EF49E6C00B494E6 /* Release */,
			);
			defaultConfigurationIsVisible = 0;
			defaultConfigurationName = Release;
		};
/* End XCConfigurationList section */
	};
	rootObject = 8369DC281EF49E6C00B494E6 /* Project object */;
}
